// !$*UTF8*$!
{
	archiveVersion = 1;
	classes = {
	};
	objectVersion = 46;
	objects = {

/* Begin PBXBuildFile section */
		D55102411816F5CC003A552C /* Foundation.framework in Frameworks */ = {isa = PBXBuildFile; fileRef = D55102401816F5CC003A552C /* Foundation.framework */; };
		D55102431816F5CC003A552C /* CoreGraphics.framework in Frameworks */ = {isa = PBXBuildFile; fileRef = D55102421816F5CC003A552C /* CoreGraphics.framework */; };
		D55102451816F5CC003A552C /* UIKit.framework in Frameworks */ = {isa = PBXBuildFile; fileRef = D55102441816F5CC003A552C /* UIKit.framework */; };
		D551024B1816F5CC003A552C /* InfoPlist.strings in Resources */ = {isa = PBXBuildFile; fileRef = D55102491816F5CC003A552C /* InfoPlist.strings */; };
		D551024D1816F5CC003A552C /* main.m in Sources */ = {isa = PBXBuildFile; fileRef = D551024C1816F5CC003A552C /* main.m */; };
		D55102511816F5CC003A552C /* AppDelegate.m in Sources */ = {isa = PBXBuildFile; fileRef = D55102501816F5CC003A552C /* AppDelegate.m */; };
		D55102541816F5CC003A552C /* Main_iPhone.storyboard in Resources */ = {isa = PBXBuildFile; fileRef = D55102521816F5CC003A552C /* Main_iPhone.storyboard */; };
		D55102571816F5CC003A552C /* Main_iPad.storyboard in Resources */ = {isa = PBXBuildFile; fileRef = D55102551816F5CC003A552C /* Main_iPad.storyboard */; };
		D551025A1816F5CC003A552C /* FirstViewController.m in Sources */ = {isa = PBXBuildFile; fileRef = D55102591816F5CC003A552C /* FirstViewController.m */; };
		D551025D1816F5CC003A552C /* SecondViewController.m in Sources */ = {isa = PBXBuildFile; fileRef = D551025C1816F5CC003A552C /* SecondViewController.m */; };
		D551025F1816F5CC003A552C /* Images.xcassets in Resources */ = {isa = PBXBuildFile; fileRef = D551025E1816F5CC003A552C /* Images.xcassets */; };
		D55102661816F5CC003A552C /* XCTest.framework in Frameworks */ = {isa = PBXBuildFile; fileRef = D55102651816F5CC003A552C /* XCTest.framework */; };
		D55102671816F5CC003A552C /* Foundation.framework in Frameworks */ = {isa = PBXBuildFile; fileRef = D55102401816F5CC003A552C /* Foundation.framework */; };
		D55102681816F5CC003A552C /* UIKit.framework in Frameworks */ = {isa = PBXBuildFile; fileRef = D55102441816F5CC003A552C /* UIKit.framework */; };
		D55102701816F5CC003A552C /* InfoPlist.strings in Resources */ = {isa = PBXBuildFile; fileRef = D551026E1816F5CC003A552C /* InfoPlist.strings */; };
		D55102721816F5CC003A552C /* StampmailTests.m in Sources */ = {isa = PBXBuildFile; fileRef = D55102711816F5CC003A552C /* StampmailTests.m */; };
/* End PBXBuildFile section */

/* Begin PBXContainerItemProxy section */
		D55102691816F5CC003A552C /* PBXContainerItemProxy */ = {
			isa = PBXContainerItemProxy;
			containerPortal = D55102351816F5CC003A552C /* Project object */;
			proxyType = 1;
			remoteGlobalIDString = D551023C1816F5CC003A552C;
			remoteInfo = Stampmail;
		};
/* End PBXContainerItemProxy section */

/* Begin PBXFileReference section */
		D551023D1816F5CC003A552C /* Stampmail.app */ = {isa = PBXFileReference; explicitFileType = wrapper.application; includeInIndex = 0; path = Stampmail.app; sourceTree = BUILT_PRODUCTS_DIR; };
		D55102401816F5CC003A552C /* Foundation.framework */ = {isa = PBXFileReference; lastKnownFileType = wrapper.framework; name = Foundation.framework; path = System/Library/Frameworks/Foundation.framework; sourceTree = SDKROOT; };
		D55102421816F5CC003A552C /* CoreGraphics.framework */ = {isa = PBXFileReference; lastKnownFileType = wrapper.framework; name = CoreGraphics.framework; path = System/Library/Frameworks/CoreGraphics.framework; sourceTree = SDKROOT; };
		D55102441816F5CC003A552C /* UIKit.framework */ = {isa = PBXFileReference; lastKnownFileType = wrapper.framework; name = UIKit.framework; path = System/Library/Frameworks/UIKit.framework; sourceTree = SDKROOT; };
		D55102481816F5CC003A552C /* Stampmail-Info.plist */ = {isa = PBXFileReference; lastKnownFileType = text.plist.xml; path = "Stampmail-Info.plist"; sourceTree = "<group>"; };
		D551024A1816F5CC003A552C /* en */ = {isa = PBXFileReference; lastKnownFileType = text.plist.strings; name = en; path = en.lproj/InfoPlist.strings; sourceTree = "<group>"; };
		D551024C1816F5CC003A552C /* main.m */ = {isa = PBXFileReference; lastKnownFileType = sourcecode.c.objc; path = main.m; sourceTree = "<group>"; };
		D551024E1816F5CC003A552C /* Stampmail-Prefix.pch */ = {isa = PBXFileReference; lastKnownFileType = sourcecode.c.h; path = "Stampmail-Prefix.pch"; sourceTree = "<group>"; };
		D551024F1816F5CC003A552C /* AppDelegate.h */ = {isa = PBXFileReference; lastKnownFileType = sourcecode.c.h; path = AppDelegate.h; sourceTree = "<group>"; };
		D55102501816F5CC003A552C /* AppDelegate.m */ = {isa = PBXFileReference; lastKnownFileType = sourcecode.c.objc; path = AppDelegate.m; sourceTree = "<group>"; };
		D55102531816F5CC003A552C /* Base */ = {isa = PBXFileReference; lastKnownFileType = file.storyboard; name = Base; path = Base.lproj/Main_iPhone.storyboard; sourceTree = "<group>"; };
		D55102561816F5CC003A552C /* Base */ = {isa = PBXFileReference; lastKnownFileType = file.storyboard; name = Base; path = Base.lproj/Main_iPad.storyboard; sourceTree = "<group>"; };
		D55102581816F5CC003A552C /* FirstViewController.h */ = {isa = PBXFileReference; lastKnownFileType = sourcecode.c.h; path = FirstViewController.h; sourceTree = "<group>"; };
		D55102591816F5CC003A552C /* FirstViewController.m */ = {isa = PBXFileReference; lastKnownFileType = sourcecode.c.objc; path = FirstViewController.m; sourceTree = "<group>"; };
		D551025B1816F5CC003A552C /* SecondViewController.h */ = {isa = PBXFileReference; lastKnownFileType = sourcecode.c.h; path = SecondViewController.h; sourceTree = "<group>"; };
		D551025C1816F5CC003A552C /* SecondViewController.m */ = {isa = PBXFileReference; lastKnownFileType = sourcecode.c.objc; path = SecondViewController.m; sourceTree = "<group>"; };
		D551025E1816F5CC003A552C /* Images.xcassets */ = {isa = PBXFileReference; lastKnownFileType = folder.assetcatalog; path = Images.xcassets; sourceTree = "<group>"; };
		D55102641816F5CC003A552C /* StampmailTests.xctest */ = {isa = PBXFileReference; explicitFileType = wrapper.cfbundle; includeInIndex = 0; path = StampmailTests.xctest; sourceTree = BUILT_PRODUCTS_DIR; };
		D55102651816F5CC003A552C /* XCTest.framework */ = {isa = PBXFileReference; lastKnownFileType = wrapper.framework; name = XCTest.framework; path = Library/Frameworks/XCTest.framework; sourceTree = DEVELOPER_DIR; };
		D551026D1816F5CC003A552C /* StampmailTests-Info.plist */ = {isa = PBXFileReference; lastKnownFileType = text.plist.xml; path = "StampmailTests-Info.plist"; sourceTree = "<group>"; };
		D551026F1816F5CC003A552C /* en */ = {isa = PBXFileReference; lastKnownFileType = text.plist.strings; name = en; path = en.lproj/InfoPlist.strings; sourceTree = "<group>"; };
		D55102711816F5CC003A552C /* StampmailTests.m */ = {isa = PBXFileReference; lastKnownFileType = sourcecode.c.objc; path = StampmailTests.m; sourceTree = "<group>"; };
/* End PBXFileReference section */

/* Begin PBXFrameworksBuildPhase section */
		D551023A1816F5CC003A552C /* Frameworks */ = {
			isa = PBXFrameworksBuildPhase;
			buildActionMask = 2147483647;
			files = (
				D55102431816F5CC003A552C /* CoreGraphics.framework in Frameworks */,
				D55102451816F5CC003A552C /* UIKit.framework in Frameworks */,
				D55102411816F5CC003A552C /* Foundation.framework in Frameworks */,
			);
			runOnlyForDeploymentPostprocessing = 0;
		};
		D55102611816F5CC003A552C /* Frameworks */ = {
			isa = PBXFrameworksBuildPhase;
			buildActionMask = 2147483647;
			files = (
				D55102661816F5CC003A552C /* XCTest.framework in Frameworks */,
				D55102681816F5CC003A552C /* UIKit.framework in Frameworks */,
				D55102671816F5CC003A552C /* Foundation.framework in Frameworks */,
			);
			runOnlyForDeploymentPostprocessing = 0;
		};
/* End PBXFrameworksBuildPhase section */

/* Begin PBXGroup section */
		D55102341816F5CC003A552C = {
			isa = PBXGroup;
			children = (
				D55102461816F5CC003A552C /* Stampmail */,
				D551026B1816F5CC003A552C /* StampmailTests */,
				D551023F1816F5CC003A552C /* Frameworks */,
				D551023E1816F5CC003A552C /* Products */,
			);
			sourceTree = "<group>";
		};
		D551023E1816F5CC003A552C /* Products */ = {
			isa = PBXGroup;
			children = (
				D551023D1816F5CC003A552C /* Stampmail.app */,
				D55102641816F5CC003A552C /* StampmailTests.xctest */,
			);
			name = Products;
			sourceTree = "<group>";
		};
		D551023F1816F5CC003A552C /* Frameworks */ = {
			isa = PBXGroup;
			children = (
				D55102401816F5CC003A552C /* Foundation.framework */,
				D55102421816F5CC003A552C /* CoreGraphics.framework */,
				D55102441816F5CC003A552C /* UIKit.framework */,
				D55102651816F5CC003A552C /* XCTest.framework */,
			);
			name = Frameworks;
			sourceTree = "<group>";
		};
		D55102461816F5CC003A552C /* Stampmail */ = {
			isa = PBXGroup;
			children = (
				D551024F1816F5CC003A552C /* AppDelegate.h */,
				D55102501816F5CC003A552C /* AppDelegate.m */,
				D55102521816F5CC003A552C /* Main_iPhone.storyboard */,
				D55102551816F5CC003A552C /* Main_iPad.storyboard */,
				D55102581816F5CC003A552C /* FirstViewController.h */,
				D55102591816F5CC003A552C /* FirstViewController.m */,
				D551025B1816F5CC003A552C /* SecondViewController.h */,
				D551025C1816F5CC003A552C /* SecondViewController.m */,
				D551025E1816F5CC003A552C /* Images.xcassets */,
				D55102471816F5CC003A552C /* Supporting Files */,
			);
			path = Stampmail;
			sourceTree = "<group>";
		};
		D55102471816F5CC003A552C /* Supporting Files */ = {
			isa = PBXGroup;
			children = (
				D55102481816F5CC003A552C /* Stampmail-Info.plist */,
				D55102491816F5CC003A552C /* InfoPlist.strings */,
				D551024C1816F5CC003A552C /* main.m */,
				D551024E1816F5CC003A552C /* Stampmail-Prefix.pch */,
			);
			name = "Supporting Files";
			sourceTree = "<group>";
		};
		D551026B1816F5CC003A552C /* StampmailTests */ = {
			isa = PBXGroup;
			children = (
				D55102711816F5CC003A552C /* StampmailTests.m */,
				D551026C1816F5CC003A552C /* Supporting Files */,
			);
			path = StampmailTests;
			sourceTree = "<group>";
		};
		D551026C1816F5CC003A552C /* Supporting Files */ = {
			isa = PBXGroup;
			children = (
				D551026D1816F5CC003A552C /* StampmailTests-Info.plist */,
				D551026E1816F5CC003A552C /* InfoPlist.strings */,
			);
			name = "Supporting Files";
			sourceTree = "<group>";
		};
/* End PBXGroup section */

/* Begin PBXNativeTarget section */
		D551023C1816F5CC003A552C /* Stampmail */ = {
			isa = PBXNativeTarget;
			buildConfigurationList = D55102751816F5CC003A552C /* Build configuration list for PBXNativeTarget "Stampmail" */;
			buildPhases = (
				D55102391816F5CC003A552C /* Sources */,
				D551023A1816F5CC003A552C /* Frameworks */,
				D551023B1816F5CC003A552C /* Resources */,
			);
			buildRules = (
			);
			dependencies = (
			);
			name = Stampmail;
			productName = Stampmail;
			productReference = D551023D1816F5CC003A552C /* Stampmail.app */;
			productType = "com.apple.product-type.application";
		};
		D55102631816F5CC003A552C /* StampmailTests */ = {
			isa = PBXNativeTarget;
			buildConfigurationList = D55102781816F5CC003A552C /* Build configuration list for PBXNativeTarget "StampmailTests" */;
			buildPhases = (
				D55102601816F5CC003A552C /* Sources */,
				D55102611816F5CC003A552C /* Frameworks */,
				D55102621816F5CC003A552C /* Resources */,
			);
			buildRules = (
			);
			dependencies = (
				D551026A1816F5CC003A552C /* PBXTargetDependency */,
			);
			name = StampmailTests;
			productName = StampmailTests;
			productReference = D55102641816F5CC003A552C /* StampmailTests.xctest */;
			productType = "com.apple.product-type.bundle.unit-test";
		};
/* End PBXNativeTarget section */

/* Begin PBXProject section */
		D55102351816F5CC003A552C /* Project object */ = {
			isa = PBXProject;
			attributes = {
				LastUpgradeCheck = 0500;
				ORGANIZATIONNAME = "Raul Rebane";
				TargetAttributes = {
					D55102631816F5CC003A552C = {
						TestTargetID = D551023C1816F5CC003A552C;
					};
				};
			};
			buildConfigurationList = D55102381816F5CC003A552C /* Build configuration list for PBXProject "Stampmail" */;
			compatibilityVersion = "Xcode 3.2";
			developmentRegion = English;
			hasScannedForEncodings = 0;
			knownRegions = (
				en,
				Base,
			);
			mainGroup = D55102341816F5CC003A552C;
			productRefGroup = D551023E1816F5CC003A552C /* Products */;
			projectDirPath = "";
			projectRoot = "";
			targets = (
				D551023C1816F5CC003A552C /* Stampmail */,
				D55102631816F5CC003A552C /* StampmailTests */,
			);
		};
/* End PBXProject section */

/* Begin PBXResourcesBuildPhase section */
		D551023B1816F5CC003A552C /* Resources */ = {
			isa = PBXResourcesBuildPhase;
			buildActionMask = 2147483647;
			files = (
				D55102571816F5CC003A552C /* Main_iPad.storyboard in Resources */,
				D551025F1816F5CC003A552C /* Images.xcassets in Resources */,
				D55102541816F5CC003A552C /* Main_iPhone.storyboard in Resources */,
				D551024B1816F5CC003A552C /* InfoPlist.strings in Resources */,
			);
			runOnlyForDeploymentPostprocessing = 0;
		};
		D55102621816F5CC003A552C /* Resources */ = {
			isa = PBXResourcesBuildPhase;
			buildActionMask = 2147483647;
			files = (
				D55102701816F5CC003A552C /* InfoPlist.strings in Resources */,
			);
			runOnlyForDeploymentPostprocessing = 0;
		};
/* End PBXResourcesBuildPhase section */

/* Begin PBXSourcesBuildPhase section */
		D55102391816F5CC003A552C /* Sources */ = {
			isa = PBXSourcesBuildPhase;
			buildActionMask = 2147483647;
			files = (
				D551025D1816F5CC003A552C /* SecondViewController.m in Sources */,
				D55102511816F5CC003A552C /* AppDelegate.m in Sources */,
				D551025A1816F5CC003A552C /* FirstViewController.m in Sources */,
				D551024D1816F5CC003A552C /* main.m in Sources */,
			);
			runOnlyForDeploymentPostprocessing = 0;
		};
		D55102601816F5CC003A552C /* Sources */ = {
			isa = PBXSourcesBuildPhase;
			buildActionMask = 2147483647;
			files = (
				D55102721816F5CC003A552C /* StampmailTests.m in Sources */,
			);
			runOnlyForDeploymentPostprocessing = 0;
		};
/* End PBXSourcesBuildPhase section */

/* Begin PBXTargetDependency section */
		D551026A1816F5CC003A552C /* PBXTargetDependency */ = {
			isa = PBXTargetDependency;
			target = D551023C1816F5CC003A552C /* Stampmail */;
			targetProxy = D55102691816F5CC003A552C /* PBXContainerItemProxy */;
		};
/* End PBXTargetDependency section */

/* Begin PBXVariantGroup section */
		D55102491816F5CC003A552C /* InfoPlist.strings */ = {
			isa = PBXVariantGroup;
			children = (
				D551024A1816F5CC003A552C /* en */,
			);
			name = InfoPlist.strings;
			sourceTree = "<group>";
		};
		D55102521816F5CC003A552C /* Main_iPhone.storyboard */ = {
			isa = PBXVariantGroup;
			children = (
				D55102531816F5CC003A552C /* Base */,
			);
			name = Main_iPhone.storyboard;
			sourceTree = "<group>";
		};
		D55102551816F5CC003A552C /* Main_iPad.storyboard */ = {
			isa = PBXVariantGroup;
			children = (
				D55102561816F5CC003A552C /* Base */,
			);
			name = Main_iPad.storyboard;
			sourceTree = "<group>";
		};
		D551026E1816F5CC003A552C /* InfoPlist.strings */ = {
			isa = PBXVariantGroup;
			children = (
				D551026F1816F5CC003A552C /* en */,
			);
			name = InfoPlist.strings;
			sourceTree = "<group>";
		};
/* End PBXVariantGroup section */

/* Begin XCBuildConfiguration section */
		D55102731816F5CC003A552C /* Debug */ = {
			isa = XCBuildConfiguration;
			buildSettings = {
				ALWAYS_SEARCH_USER_PATHS = NO;
				ARCHS = "$(ARCHS_STANDARD_INCLUDING_64_BIT)";
				CLANG_CXX_LANGUAGE_STANDARD = "gnu++0x";
				CLANG_CXX_LIBRARY = "libc++";
				CLANG_ENABLE_MODULES = YES;
				CLANG_ENABLE_OBJC_ARC = YES;
				CLANG_WARN_BOOL_CONVERSION = YES;
				CLANG_WARN_CONSTANT_CONVERSION = YES;
				CLANG_WARN_DIRECT_OBJC_ISA_USAGE = YES_ERROR;
				CLANG_WARN_EMPTY_BODY = YES;
				CLANG_WARN_ENUM_CONVERSION = YES;
				CLANG_WARN_INT_CONVERSION = YES;
				CLANG_WARN_OBJC_ROOT_CLASS = YES_ERROR;
				CLANG_WARN__DUPLICATE_METHOD_MATCH = YES;
				"CODE_SIGN_IDENTITY[sdk=iphoneos*]" = "iPhone Developer";
				COPY_PHASE_STRIP = NO;
				GCC_C_LANGUAGE_STANDARD = gnu99;
				GCC_DYNAMIC_NO_PIC = NO;
				GCC_OPTIMIZATION_LEVEL = 0;
				GCC_PREPROCESSOR_DEFINITIONS = (
					"DEBUG=1",
					"$(inherited)",
				);
				GCC_SYMBOLS_PRIVATE_EXTERN = NO;
				GCC_WARN_64_TO_32_BIT_CONVERSION = YES;
				GCC_WARN_ABOUT_RETURN_TYPE = YES_ERROR;
				GCC_WARN_UNDECLARED_SELECTOR = YES;
				GCC_WARN_UNINITIALIZED_AUTOS = YES;
				GCC_WARN_UNUSED_FUNCTION = YES;
				GCC_WARN_UNUSED_VARIABLE = YES;
				IPHONEOS_DEPLOYMENT_TARGET = 7.0;
				ONLY_ACTIVE_ARCH = YES;
				SDKROOT = iphoneos;
				TARGETED_DEVICE_FAMILY = "1,2";
			};
			name = Debug;
		};
		D55102741816F5CC003A552C /* Release */ = {
			isa = XCBuildConfiguration;
			buildSettings = {
				ALWAYS_SEARCH_USER_PATHS = NO;
				ARCHS = "$(ARCHS_STANDARD_INCLUDING_64_BIT)";
				CLANG_CXX_LANGUAGE_STANDARD = "gnu++0x";
				CLANG_CXX_LIBRARY = "libc++";
				CLANG_ENABLE_MODULES = YES;
				CLANG_ENABLE_OBJC_ARC = YES;
				CLANG_WARN_BOOL_CONVERSION = YES;
				CLANG_WARN_CONSTANT_CONVERSION = YES;
				CLANG_WARN_DIRECT_OBJC_ISA_USAGE = YES_ERROR;
				CLANG_WARN_EMPTY_BODY = YES;
				CLANG_WARN_ENUM_CONVERSION = YES;
				CLANG_WARN_INT_CONVERSION = YES;
				CLANG_WARN_OBJC_ROOT_CLASS = YES_ERROR;
				CLANG_WARN__DUPLICATE_METHOD_MATCH = YES;
				"CODE_SIGN_IDENTITY[sdk=iphoneos*]" = "iPhone Developer";
				COPY_PHASE_STRIP = YES;
				ENABLE_NS_ASSERTIONS = NO;
				GCC_C_LANGUAGE_STANDARD = gnu99;
				GCC_WARN_64_TO_32_BIT_CONVERSION = YES;
				GCC_WARN_ABOUT_RETURN_TYPE = YES_ERROR;
				GCC_WARN_UNDECLARED_SELECTOR = YES;
				GCC_WARN_UNINITIALIZED_AUTOS = YES;
				GCC_WARN_UNUSED_FUNCTION = YES;
				GCC_WARN_UNUSED_VARIABLE = YES;
				IPHONEOS_DEPLOYMENT_TARGET = 7.0;
				SDKROOT = iphoneos;
				TARGETED_DEVICE_FAMILY = "1,2";
				VALIDATE_PRODUCT = YES;
			};
			name = Release;
		};
		D55102761816F5CC003A552C /* Debug */ = {
			isa = XCBuildConfiguration;
			buildSettings = {
				ASSETCATALOG_COMPILER_APPICON_NAME = AppIcon;
				ASSETCATALOG_COMPILER_LAUNCHIMAGE_NAME = LaunchImage;
				GCC_PRECOMPILE_PREFIX_HEADER = YES;
				GCC_PREFIX_HEADER = "Stampmail/Stampmail-Prefix.pch";
				INFOPLIST_FILE = "Stampmail/Stampmail-Info.plist";
				PRODUCT_NAME = "$(TARGET_NAME)";
				WRAPPER_EXTENSION = app;
			};
			name = Debug;
		};
		D55102771816F5CC003A552C /* Release */ = {
			isa = XCBuildConfiguration;
			buildSettings = {
				ASSETCATALOG_COMPILER_APPICON_NAME = AppIcon;
				ASSETCATALOG_COMPILER_LAUNCHIMAGE_NAME = LaunchImage;
				GCC_PRECOMPILE_PREFIX_HEADER = YES;
				GCC_PREFIX_HEADER = "Stampmail/Stampmail-Prefix.pch";
				INFOPLIST_FILE = "Stampmail/Stampmail-Info.plist";
				PRODUCT_NAME = "$(TARGET_NAME)";
				WRAPPER_EXTENSION = app;
			};
			name = Release;
		};
		D55102791816F5CC003A552C /* Debug */ = {
			isa = XCBuildConfiguration;
			buildSettings = {
				ARCHS = "$(ARCHS_STANDARD_INCLUDING_64_BIT)";
				BUNDLE_LOADER = "$(BUILT_PRODUCTS_DIR)/Stampmail.app/Stampmail";
				FRAMEWORK_SEARCH_PATHS = (
					"$(SDKROOT)/Developer/Library/Frameworks",
					"$(inherited)",
					"$(DEVELOPER_FRAMEWORKS_DIR)",
				);
				GCC_PRECOMPILE_PREFIX_HEADER = YES;
				GCC_PREFIX_HEADER = "Stampmail/Stampmail-Prefix.pch";
				GCC_PREPROCESSOR_DEFINITIONS = (
					"DEBUG=1",
					"$(inherited)",
				);
				INFOPLIST_FILE = "StampmailTests/StampmailTests-Info.plist";
				PRODUCT_NAME = "$(TARGET_NAME)";
				TEST_HOST = "$(BUNDLE_LOADER)";
				WRAPPER_EXTENSION = xctest;
			};
			name = Debug;
		};
		D551027A1816F5CC003A552C /* Release */ = {
			isa = XCBuildConfiguration;
			buildSettings = {
				ARCHS = "$(ARCHS_STANDARD_INCLUDING_64_BIT)";
				BUNDLE_LOADER = "$(BUILT_PRODUCTS_DIR)/Stampmail.app/Stampmail";
				FRAMEWORK_SEARCH_PATHS = (
					"$(SDKROOT)/Developer/Library/Frameworks",
					"$(inherited)",
					"$(DEVELOPER_FRAMEWORKS_DIR)",
				);
				GCC_PRECOMPILE_PREFIX_HEADER = YES;
				GCC_PREFIX_HEADER = "Stampmail/Stampmail-Prefix.pch";
				INFOPLIST_FILE = "StampmailTests/StampmailTests-Info.plist";
				PRODUCT_NAME = "$(TARGET_NAME)";
				TEST_HOST = "$(BUNDLE_LOADER)";
				WRAPPER_EXTENSION = xctest;
			};
			name = Release;
		};
/* End XCBuildConfiguration section */

/* Begin XCConfigurationList section */
		D55102381816F5CC003A552C /* Build configuration list for PBXProject "Stampmail" */ = {
			isa = XCConfigurationList;
			buildConfigurations = (
				D55102731816F5CC003A552C /* Debug */,
				D55102741816F5CC003A552C /* Release */,
			);
			defaultConfigurationIsVisible = 0;
			defaultConfigurationName = Release;
		};
		D55102751816F5CC003A552C /* Build configuration list for PBXNativeTarget "Stampmail" */ = {
			isa = XCConfigurationList;
			buildConfigurations = (
				D55102761816F5CC003A552C /* Debug */,
				D55102771816F5CC003A552C /* Release */,
			);
			defaultConfigurationIsVisible = 0;
		};
		D55102781816F5CC003A552C /* Build configuration list for PBXNativeTarget "StampmailTests" */ = {
			isa = XCConfigurationList;
			buildConfigurations = (
				D55102791816F5CC003A552C /* Debug */,
				D551027A1816F5CC003A552C /* Release */,
			);
			defaultConfigurationIsVisible = 0;
		};
/* End XCConfigurationList section */
	};
	rootObject = D55102351816F5CC003A552C /* Project object */;
}
